
Microsoft Visual Studio Solution File, Format Version 12.00
# Visual Studio 15
VisualStudioVersion = 15.0.28307.572
MinimumVisualStudioVersion = 10.0.40219.1
Project("{FAE04EC0-301F-11D3-BF4B-00C04F79EFBC}") = "AngleSharp.Samples.App", "AngleSharp.Samples.App\AngleSharp.Samples.App.csproj", "{DA318620-F6B5-4DFA-B012-38F06141A2DD}"
EndProject
Project("{FAE04EC0-301F-11D3-BF4B-00C04F79EFBC}") = "AngleSharp.Samples.Demos", "AngleSharp.Samples.Demos\AngleSharp.Samples.Demos.csproj", "{3F8D45C0-140D-4A48-B1DC-91BF3F4EC760}"
EndProject
Global
	GlobalSection(SolutionConfigurationPlatforms) = preSolution
		Debug|Any CPU = Debug|Any CPU
		Release|Any CPU = Release|Any CPU
	EndGlobalSection
	GlobalSection(ProjectConfigurationPlatforms) = postSolution
		{DA318620-F6B5-4DFA-B012-38F06141A2DD}.Debug|Any CPU.ActiveCfg = Debug|Any CPU
		{DA318620-F6B5-4DFA-B012-38F06141A2DD}.Debug|Any CPU.Build.0 = Debug|Any CPU
		{DA318620-F6B5-4DFA-B012-38F06141A2DD}.Release|Any CPU.ActiveCfg = Release|Any CPU
		{DA318620-F6B5-4DFA-B012-38F06141A2DD}.Release|Any CPU.Build.0 = Release|Any CPU
		{3F8D45C0-140D-4A48-B1DC-91BF3F4EC760}.Debug|Any CPU.ActiveCfg = Debug|Any CPU
		{3F8D45C0-140D-4A48-B1DC-91BF3F4EC760}.Debug|Any CPU.Build.0 = Debug|Any CPU
		{3F8D45C0-140D-4A48-B1DC-91BF3F4EC760}.Release|Any CPU.ActiveCfg = Release|Any CPU
		{3F8D45C0-140D-4A48-B1DC-91BF3F4EC760}.Release|Any CPU.Build.0 = Release|Any CPU
	EndGlobalSection
	GlobalSection(SolutionProperties) = preSolution
		HideSolutionNode = FALSE
	EndGlobalSection
	GlobalSection(ExtensibilityGlobals) = postSolution
		SolutionGuid = {0DF14775-AB02-41C1-B392-62858D096DB1}
	EndGlobalSection
EndGlobal
